
Microsoft Visual Studio Solution File, Format Version 12.00
# Visual Studio Version 17
VisualStudioVersion = 17.2.32616.157
MinimumVisualStudioVersion = 10.0.40219.1
Project("{8BC9CEB8-8B4A-11D0-8D11-00A0C91BC942}") = "LuaStick", "LuaStick\LuaStick.vcxproj", "{C4A9CAA2-1802-4248-B7F6-3D0ACD99CE91}"
EndProject
Project("{8BC9CEB8-8B4A-11D0-8D11-00A0C91BC942}") = "liblua", "lua-5.3.5\vs2017\liblua\liblua.vcxproj", "{394A19B8-F991-4FB9-9E89-3FBCD72F287E}"
EndProject
Project("{8BC9CEB8-8B4A-11D0-8D11-00A0C91BC942}") = "StickClassExample", "Examples_5_3\StickClassExample\StickClassExample.vcxproj", "{DFCB9775-9957-4715-858E-11B3826F4F23}"
	ProjectSection(ProjectDependencies) = postProject
		{C4A9CAA2-1802-4248-B7F6-3D0ACD99CE91} = {C4A9CAA2-1802-4248-B7F6-3D0ACD99CE91}
		{394A19B8-F991-4FB9-9E89-3FBCD72F287E} = {394A19B8-F991-4FB9-9E89-3FBCD72F287E}
	EndProjectSection
EndProject
Project("{8BC9CEB8-8B4A-11D0-8D11-00A0C91BC942}") = "StickSimpleExample", "Examples_5_3\StickSimpleExample\StickSimpleExample.vcxproj", "{A600538C-00E4-4ED5-A64A-37034761AC19}"
	ProjectSection(ProjectDependencies) = postProject
		{C4A9CAA2-1802-4248-B7F6-3D0ACD99CE91} = {C4A9CAA2-1802-4248-B7F6-3D0ACD99CE91}
		{394A19B8-F991-4FB9-9E89-3FBCD72F287E} = {394A19B8-F991-4FB9-9E89-3FBCD72F287E}
	EndProjectSection
EndProject
Project("{8BC9CEB8-8B4A-11D0-8D11-00A0C91BC942}") = "StickTest", "Examples_5_3\StickTest\StickTest.vcxproj", "{F9A57EE2-1EDF-4BBC-AAB5-37FA37762BB8}"
	ProjectSection(ProjectDependencies) = postProject
		{C4A9CAA2-1802-4248-B7F6-3D0ACD99CE91} = {C4A9CAA2-1802-4248-B7F6-3D0ACD99CE91}
		{394A19B8-F991-4FB9-9E89-3FBCD72F287E} = {394A19B8-F991-4FB9-9E89-3FBCD72F287E}
		{DD4C93C8-B60D-43ED-8EE5-25675F8C1935} = {DD4C93C8-B60D-43ED-8EE5-25675F8C1935}
	EndProjectSection
EndProject
Project("{8BC9CEB8-8B4A-11D0-8D11-00A0C91BC942}") = "Sticktrace", "Examples_5_3\Sticktrace\Sticktrace.vcxproj", "{DD4C93C8-B60D-43ED-8EE5-25675F8C1935}"
EndProject
Global
	GlobalSection(SolutionConfigurationPlatforms) = preSolution
		Debug|Any CPU = Debug|Any CPU
		Debug|x64 = Debug|x64
		Debug|x86 = Debug|x86
		Release|Any CPU = Release|Any CPU
		Release|x64 = Release|x64
		Release|x86 = Release|x86
	EndGlobalSection
	GlobalSection(ProjectConfigurationPlatforms) = postSolution
		{C4A9CAA2-1802-4248-B7F6-3D0ACD99CE91}.Debug|Any CPU.ActiveCfg = Debug|Win32
		{C4A9CAA2-1802-4248-B7F6-3D0ACD99CE91}.Debug|x64.ActiveCfg = Debug|x64
		{C4A9CAA2-1802-4248-B7F6-3D0ACD99CE91}.Debug|x64.Build.0 = Debug|x64
		{C4A9CAA2-1802-4248-B7F6-3D0ACD99CE91}.Debug|x86.ActiveCfg = Debug|Win32
		{C4A9CAA2-1802-4248-B7F6-3D0ACD99CE91}.Debug|x86.Build.0 = Debug|Win32
		{C4A9CAA2-1802-4248-B7F6-3D0ACD99CE91}.Release|Any CPU.ActiveCfg = Release|Win32
		{C4A9CAA2-1802-4248-B7F6-3D0ACD99CE91}.Release|x64.ActiveCfg = Release|x64
		{C4A9CAA2-1802-4248-B7F6-3D0ACD99CE91}.Release|x64.Build.0 = Release|x64
		{C4A9CAA2-1802-4248-B7F6-3D0ACD99CE91}.Release|x86.ActiveCfg = Release|Win32
		{C4A9CAA2-1802-4248-B7F6-3D0ACD99CE91}.Release|x86.Build.0 = Release|Win32
		{394A19B8-F991-4FB9-9E89-3FBCD72F287E}.Debug|Any CPU.ActiveCfg = Debug|Win32
		{394A19B8-F991-4FB9-9E89-3FBCD72F287E}.Debug|x64.ActiveCfg = Debug|x64
		{394A19B8-F991-4FB9-9E89-3FBCD72F287E}.Debug|x64.Build.0 = Debug|x64
		{394A19B8-F991-4FB9-9E89-3FBCD72F287E}.Debug|x86.ActiveCfg = Debug|Win32
		{394A19B8-F991-4FB9-9E89-3FBCD72F287E}.Debug|x86.Build.0 = Debug|Win32
		{394A19B8-F991-4FB9-9E89-3FBCD72F287E}.Release|Any CPU.ActiveCfg = Release|Win32
		{394A19B8-F991-4FB9-9E89-3FBCD72F287E}.Release|x64.ActiveCfg = Release|x64
		{394A19B8-F991-4FB9-9E89-3FBCD72F287E}.Release|x64.Build.0 = Release|x64
		{394A19B8-F991-4FB9-9E89-3FBCD72F287E}.Release|x86.ActiveCfg = Release|Win32
		{394A19B8-F991-4FB9-9E89-3FBCD72F287E}.Release|x86.Build.0 = Release|Win32
		{DFCB9775-9957-4715-858E-11B3826F4F23}.Debug|Any CPU.ActiveCfg = Debug|Win32
		{DFCB9775-9957-4715-858E-11B3826F4F23}.Debug|x64.ActiveCfg = Debug|x64
		{DFCB9775-9957-4715-858E-11B3826F4F23}.Debug|x64.Build.0 = Debug|x64
		{DFCB9775-9957-4715-858E-11B3826F4F23}.Debug|x86.ActiveCfg = Debug|Win32
		{DFCB9775-9957-4715-858E-11B3826F4F23}.Debug|x86.Build.0 = Debug|Win32
		{DFCB9775-9957-4715-858E-11B3826F4F23}.Release|Any CPU.ActiveCfg = Release|Win32
		{DFCB9775-9957-4715-858E-11B3826F4F23}.Release|x64.ActiveCfg = Release|x64
		{DFCB9775-9957-4715-858E-11B3826F4F23}.Release|x64.Build.0 = Release|x64
		{DFCB9775-9957-4715-858E-11B3826F4F23}.Release|x86.ActiveCfg = Release|Win32
		{DFCB9775-9957-4715-858E-11B3826F4F23}.Release|x86.Build.0 = Release|Win32
		{A600538C-00E4-4ED5-A64A-37034761AC19}.Debug|Any CPU.ActiveCfg = Debug|Win32
		{A600538C-00E4-4ED5-A64A-37034761AC19}.Debug|x64.ActiveCfg = Debug|x64
		{A600538C-00E4-4ED5-A64A-37034761AC19}.Debug|x64.Build.0 = Debug|x64
		{A600538C-00E4-4ED5-A64A-37034761AC19}.Debug|x86.ActiveCfg = Debug|Win32
		{A600538C-00E4-4ED5-A64A-37034761AC19}.Debug|x86.Build.0 = Debug|Win32
		{A600538C-00E4-4ED5-A64A-37034761AC19}.Release|Any CPU.ActiveCfg = Release|Win32
		{A600538C-00E4-4ED5-A64A-37034761AC19}.Release|x64.ActiveCfg = Release|x64
		{A600538C-00E4-4ED5-A64A-37034761AC19}.Release|x64.Build.0 = Release|x64
		{A600538C-00E4-4ED5-A64A-37034761AC19}.Release|x86.ActiveCfg = Release|Win32
		{A600538C-00E4-4ED5-A64A-37034761AC19}.Release|x86.Build.0 = Release|Win32
		{F9A57EE2-1EDF-4BBC-AAB5-37FA37762BB8}.Debug|Any CPU.ActiveCfg = Debug|Win32
		{F9A57EE2-1EDF-4BBC-AAB5-37FA37762BB8}.Debug|x64.ActiveCfg = Debug|x64
		{F9A57EE2-1EDF-4BBC-AAB5-37FA37762BB8}.Debug|x64.Build.0 = Debug|x64
		{F9A57EE2-1EDF-4BBC-AAB5-37FA37762BB8}.Debug|x86.ActiveCfg = Debug|Win32
		{F9A57EE2-1EDF-4BBC-AAB5-37FA37762BB8}.Debug|x86.Build.0 = Debug|Win32
		{F9A57EE2-1EDF-4BBC-AAB5-37FA37762BB8}.Release|Any CPU.ActiveCfg = Release|Win32
		{F9A57EE2-1EDF-4BBC-AAB5-37FA37762BB8}.Release|x64.ActiveCfg = Release|x64
		{F9A57EE2-1EDF-4BBC-AAB5-37FA37762BB8}.Release|x64.Build.0 = Release|x64
		{F9A57EE2-1EDF-4BBC-AAB5-37FA37762BB8}.Release|x86.ActiveCfg = Release|Win32
		{F9A57EE2-1EDF-4BBC-AAB5-37FA37762BB8}.Release|x86.Build.0 = Release|Win32
		{DD4C93C8-B60D-43ED-8EE5-25675F8C1935}.Debug|Any CPU.ActiveCfg = Debug|Win32
		{DD4C93C8-B60D-43ED-8EE5-25675F8C1935}.Debug|x64.ActiveCfg = Debug|x64
		{DD4C93C8-B60D-43ED-8EE5-25675F8C1935}.Debug|x64.Build.0 = Debug|x64
		{DD4C93C8-B60D-43ED-8EE5-25675F8C1935}.Debug|x86.ActiveCfg = Debug|Win32
		{DD4C93C8-B60D-43ED-8EE5-25675F8C1935}.Debug|x86.Build.0 = Debug|Win32
		{DD4C93C8-B60D-43ED-8EE5-25675F8C1935}.Release|Any CPU.ActiveCfg = Release|Win32
		{DD4C93C8-B60D-43ED-8EE5-25675F8C1935}.Release|x64.ActiveCfg = Release|x64
		{DD4C93C8-B60D-43ED-8EE5-25675F8C1935}.Release|x64.Build.0 = Release|x64
		{DD4C93C8-B60D-43ED-8EE5-25675F8C1935}.Release|x86.ActiveCfg = Release|Win32
		{DD4C93C8-B60D-43ED-8EE5-25675F8C1935}.Release|x86.Build.0 = Release|Win32
	EndGlobalSection
	GlobalSection(SolutionProperties) = preSolution
		HideSolutionNode = FALSE
	EndGlobalSection
	GlobalSection(ExtensibilityGlobals) = postSolution
		SolutionGuid = {71C6E219-5BDD-4ED9-ADC7-1577B3777B56}
	EndGlobalSection
EndGlobal
